
Microsoft Visual Studio Solution File, Format Version 12.00
# Visual Studio Version 16
VisualStudioVersion = 16.0.29215.179
MinimumVisualStudioVersion = 10.0.40219.1
Project("{FAE04EC0-301F-11D3-BF4B-00C04F79EFBC}") = "PrefabBuilder", "PrefabBuilder\PrefabBuilder.csproj", "{7D86368B-9F5F-446C-99D1-D16C29D1EEC1}"
EndProject
Global
	GlobalSection(SolutionConfigurationPlatforms) = preSolution
		Debug|Any CPU = Debug|Any CPU
		Release|Any CPU = Release|Any CPU
	EndGlobalSection
	GlobalSection(ProjectConfigurationPlatforms) = postSolution
		{7D86368B-9F5F-446C-99D1-D16C29D1EEC1}.Debug|Any CPU.ActiveCfg = Debug|Any CPU
		{7D86368B-9F5F-446C-99D1-D16C29D1EEC1}.Debug|Any CPU.Build.0 = Debug|Any CPU
		{7D86368B-9F5F-446C-99D1-D16C29D1EEC1}.Release|Any CPU.ActiveCfg = Release|Any CPU
		{7D86368B-9F5F-446C-99D1-D16C29D1EEC1}.Release|Any CPU.Build.0 = Release|Any CPU
	EndGlobalSection
	GlobalSection(SolutionProperties) = preSolution
		HideSolutionNode = FALSE
	EndGlobalSection
	GlobalSection(ExtensibilityGlobals) = postSolution
		SolutionGuid = {8CECF034-B4E8-4BB0-910D-30F1DD8F3557}
	EndGlobalSection
EndGlobal
